
Microsoft Visual Studio Solution File, Format Version 12.00
# Visual Studio Version 16
VisualStudioVersion = 16.0.31727.386
MinimumVisualStudioVersion = 10.0.40219.1
Project("{FAE04EC0-301F-11D3-BF4B-00C04F79EFBC}") = "Roșca_Theodora_labor4", "Roșca_Theodora_labor4.csproj", "{3C69511E-46FF-457F-89C5-230FD5C3CE46}"
EndProject
Project("{FAE04EC0-301F-11D3-BF4B-00C04F79EFBC}") = "AutoLotModel", "..\AutoLotModel\AutoLotModel.csproj", "{4EF65B9C-1DC1-4882-9F89-ECD3081B7005}"
EndProject
Global
	GlobalSection(SolutionConfigurationPlatforms) = preSolution
		Debug|Any CPU = Debug|Any CPU
		Release|Any CPU = Release|Any CPU
	EndGlobalSection
	GlobalSection(ProjectConfigurationPlatforms) = postSolution
		{3C69511E-46FF-457F-89C5-230FD5C3CE46}.Debug|Any CPU.ActiveCfg = Debug|Any CPU
		{3C69511E-46FF-457F-89C5-230FD5C3CE46}.Debug|Any CPU.Build.0 = Debug|Any CPU
		{3C69511E-46FF-457F-89C5-230FD5C3CE46}.Release|Any CPU.ActiveCfg = Release|Any CPU
		{3C69511E-46FF-457F-89C5-230FD5C3CE46}.Release|Any CPU.Build.0 = Release|Any CPU
		{4EF65B9C-1DC1-4882-9F89-ECD3081B7005}.Debug|Any CPU.ActiveCfg = Debug|Any CPU
		{4EF65B9C-1DC1-4882-9F89-ECD3081B7005}.Debug|Any CPU.Build.0 = Debug|Any CPU
		{4EF65B9C-1DC1-4882-9F89-ECD3081B7005}.Release|Any CPU.ActiveCfg = Release|Any CPU
		{4EF65B9C-1DC1-4882-9F89-ECD3081B7005}.Release|Any CPU.Build.0 = Release|Any CPU
	EndGlobalSection
	GlobalSection(SolutionProperties) = preSolution
		HideSolutionNode = FALSE
	EndGlobalSection
	GlobalSection(ExtensibilityGlobals) = postSolution
		SolutionGuid = {18DB2DA0-E988-4070-B08A-6EB13673F40C}
	EndGlobalSection
EndGlobal
